{
    "name": "cv",
    "lockfileVersion": 3,
    "requires": true,
    "packages": {
        "": {
            "dependencies": {
                "users": "^2.0.0",
                "vue": "^2.5.2"
            }
        },
        "node_modules/users": {
            "version": "2.0.0",
            "resolved": "https://registry.npmjs.org/users/-/users-2.0.0.tgz",
            "integrity": "sha512-ecgYUHkimK4sjwyYDU8gfRA3O18LEMPwgfggp9dIcDsQHE7Ae7TrDlEYrNzA1LJy+VoKfbCp/iJTa1n+at7AdQ==",
            "deprecated": "Package no longer supported. Contact support@npmjs.com for more info. Please note that, at this time, we will not be transfering this particular package to users.",
            "license": "ISC"
        },
        "node_modules/vue": {
            "version": "2.6.14",
            "resolved": "https://registry.npmjs.org/vue/-/vue-2.6.14.tgz",
            "integrity": "sha512-x2284lgYvjOMj3Za7kqzRcUSxBboHqtgRE2zlos1qWaOye5yUmHn42LB1250NJBLRwEcdrB0JRwyPTEPhfQjiQ==",
            "deprecated": "Vue 2 has reached EOL and is no longer actively maintained. See https://v2.vuejs.org/eol/ for more details."
        }
    }
}
